
Microsoft Visual Studio Solution File, Format Version 12.00
# Visual Studio Version 16
VisualStudioVersion = 16.0.31410.357
MinimumVisualStudioVersion = 10.0.40219.1
Project("{FAE04EC0-301F-11D3-BF4B-00C04F79EFBC}") = "ExampleIOptionDependencyApi", "..\ExampleIOptionDependencyApi\ExampleIOptionDependencyApi.csproj", "{244B51D5-F28E-43B6-9860-7F1C75044567}"
EndProject
Project("{FAE04EC0-301F-11D3-BF4B-00C04F79EFBC}") = "ExampleIOptionDependency.Model", "..\ExampleIOptionDependency.Model\ExampleIOptionDependency.Model.csproj", "{CF171F52-3D0B-4811-8EA3-82E5D5FEDF28}"
EndProject
Project("{FAE04EC0-301F-11D3-BF4B-00C04F79EFBC}") = "ExampleIOptionDependency.BusinessLayer", "..\ExampleIOptionDependency.BusinessLayer\ExampleIOptionDependency.BusinessLayer.csproj", "{47122FA9-789F-46E4-85F8-36BACE17C1C4}"
EndProject
Global
	GlobalSection(SolutionConfigurationPlatforms) = preSolution
		Debug|Any CPU = Debug|Any CPU
		Release|Any CPU = Release|Any CPU
	EndGlobalSection
	GlobalSection(ProjectConfigurationPlatforms) = postSolution
		{244B51D5-F28E-43B6-9860-7F1C75044567}.Debug|Any CPU.ActiveCfg = Debug|Any CPU
		{244B51D5-F28E-43B6-9860-7F1C75044567}.Debug|Any CPU.Build.0 = Debug|Any CPU
		{244B51D5-F28E-43B6-9860-7F1C75044567}.Release|Any CPU.ActiveCfg = Release|Any CPU
		{244B51D5-F28E-43B6-9860-7F1C75044567}.Release|Any CPU.Build.0 = Release|Any CPU
		{CF171F52-3D0B-4811-8EA3-82E5D5FEDF28}.Debug|Any CPU.ActiveCfg = Debug|Any CPU
		{CF171F52-3D0B-4811-8EA3-82E5D5FEDF28}.Debug|Any CPU.Build.0 = Debug|Any CPU
		{CF171F52-3D0B-4811-8EA3-82E5D5FEDF28}.Release|Any CPU.ActiveCfg = Release|Any CPU
		{CF171F52-3D0B-4811-8EA3-82E5D5FEDF28}.Release|Any CPU.Build.0 = Release|Any CPU
		{47122FA9-789F-46E4-85F8-36BACE17C1C4}.Debug|Any CPU.ActiveCfg = Debug|Any CPU
		{47122FA9-789F-46E4-85F8-36BACE17C1C4}.Debug|Any CPU.Build.0 = Debug|Any CPU
		{47122FA9-789F-46E4-85F8-36BACE17C1C4}.Release|Any CPU.ActiveCfg = Release|Any CPU
		{47122FA9-789F-46E4-85F8-36BACE17C1C4}.Release|Any CPU.Build.0 = Release|Any CPU
	EndGlobalSection
	GlobalSection(SolutionProperties) = preSolution
		HideSolutionNode = FALSE
	EndGlobalSection
	GlobalSection(ExtensibilityGlobals) = postSolution
		SolutionGuid = {DF543A11-8CCB-4430-9CD8-05435BD0927C}
	EndGlobalSection
EndGlobal
